
Microsoft Visual Studio Solution File, Format Version 12.00
# Visual Studio Version 16
VisualStudioVersion = 25.0.1706.6
MinimumVisualStudioVersion = 10.0.40219.1
Project("{FAE04EC0-301F-11D3-BF4B-00C04F79EFBC}") = "zh_a", "zh_a\zh_a.csproj", "{7CD7432F-1630-4DE1-97EF-74FF0364AA6B}"
EndProject
Global
	GlobalSection(SolutionConfigurationPlatforms) = preSolution
		Debug|Any CPU = Debug|Any CPU
		Release|Any CPU = Release|Any CPU
	EndGlobalSection
	GlobalSection(ProjectConfigurationPlatforms) = postSolution
		{7CD7432F-1630-4DE1-97EF-74FF0364AA6B}.Debug|Any CPU.ActiveCfg = Debug|Any CPU
		{7CD7432F-1630-4DE1-97EF-74FF0364AA6B}.Debug|Any CPU.Build.0 = Debug|Any CPU
		{7CD7432F-1630-4DE1-97EF-74FF0364AA6B}.Release|Any CPU.ActiveCfg = Release|Any CPU
		{7CD7432F-1630-4DE1-97EF-74FF0364AA6B}.Release|Any CPU.Build.0 = Release|Any CPU
	EndGlobalSection
	GlobalSection(SolutionProperties) = preSolution
		HideSolutionNode = FALSE
	EndGlobalSection
	GlobalSection(ExtensibilityGlobals) = postSolution
		SolutionGuid = {63AC79A0-4D51-46D6-9DB8-48477709E437}
	EndGlobalSection
EndGlobal
